# This file is automatically @generated by Cargo.
# It is not intended for manual editing.
version = 4

[[package]]
name = "aes"
version = "0.9.0-rc.0"
source = "registry+https://github.com/rust-lang/crates.io-index"
checksum = "cd4838e4ad37bb032dea137f441d5f71c16c26c068af512e64c5bc13a88cdfc7"
dependencies = [
 "cfg-if",
 "cipher",
 "cpufeatures",
]

[[package]]
name = "ansi-x963-kdf"
version = "0.1.0-rc.0"
dependencies = [
 "digest",
 "hex-literal",
 "sha2",
]

[[package]]
name = "bake-kdf"
version = "0.0.1"
dependencies = [
 "belt-hash",
 "hex-literal",
]

[[package]]
name = "belt-block"
version = "0.1.2"
source = "registry+https://github.com/rust-lang/crates.io-index"
checksum = "d9aa1eef3994e2ccd304a78fe3fea4a73e5792007f85f09b79bb82143ca5f82b"

[[package]]
name = "belt-hash"
version = "0.2.0-rc.0"
source = "registry+https://github.com/rust-lang/crates.io-index"
checksum = "bb51c5f2d38f4751a11964ac3988a05812fdec736b15bc0424f2cec697a85728"
dependencies = [
 "belt-block",
 "digest",
]

[[package]]
name = "blobby"
version = "0.4.0-pre.0"
source = "registry+https://github.com/rust-lang/crates.io-index"
checksum = "4a859067dcb257cb2ae028cb821399b55140b76fb8b2a360e052fe109019db43"

[[package]]
name = "block-buffer"
version = "0.11.0-rc.4"
source = "git+https://github.com/RustCrypto/utils#adfccfea2686ef191b607f653cc3587753b6ec66"
dependencies = [
 "hybrid-array",
]

[[package]]
name = "cfg-if"
version = "1.0.3"
source = "registry+https://github.com/rust-lang/crates.io-index"
checksum = "2fd1289c04a9ea8cb22300a459a72a385d7c73d3259e2ed7dcb2af674838cfa9"

[[package]]
name = "cipher"
version = "0.5.0-rc.0"
source = "registry+https://github.com/rust-lang/crates.io-index"
checksum = "bd4ef774202f1749465fc7cf88d70fc30620e8cacd5429268f4bff7d003bd976"
dependencies = [
 "crypto-common",
 "inout",
]

[[package]]
name = "cmac"
version = "0.8.0-rc.0"
source = "git+https://github.com/RustCrypto/MACs#d1736a3f38a7c0fbbdb82e3b3ab171e526a63c57"
dependencies = [
 "cipher",
 "dbl",
 "digest",
]

[[package]]
name = "concat-kdf"
version = "0.2.0-pre"
dependencies = [
 "digest",
 "hex-literal",
 "sha2",
]

[[package]]
name = "cpufeatures"
version = "0.2.17"
source = "registry+https://github.com/rust-lang/crates.io-index"
checksum = "59ed5838eebb26a2bb2e58f6d5b5316989ae9d08bab10e0e6d103e656d1b0280"
dependencies = [
 "libc",
]

[[package]]
name = "crypto-common"
version = "0.2.0-rc.3"
source = "git+https://github.com/RustCrypto/traits#b91704f633a83798c1ba89f908cff067ddc7d843"
dependencies = [
 "hybrid-array",
]

[[package]]
name = "dbl"
version = "0.5.0-pre"
source = "git+https://github.com/RustCrypto/utils#adfccfea2686ef191b607f653cc3587753b6ec66"
dependencies = [
 "hybrid-array",
]

[[package]]
name = "digest"
version = "0.11.0-rc.0"
source = "git+https://github.com/RustCrypto/traits#b91704f633a83798c1ba89f908cff067ddc7d843"
dependencies = [
 "block-buffer",
 "crypto-common",
 "subtle",
]

[[package]]
name = "hex"
version = "0.4.3"
source = "registry+https://github.com/rust-lang/crates.io-index"
checksum = "7f24254aa9a54b5c858eaee2f5bccdb46aaf0e486a595ed5fd8f86ba55232a70"

[[package]]
name = "hex-literal"
version = "1.0.0"
source = "registry+https://github.com/rust-lang/crates.io-index"
checksum = "bcaaec4551594c969335c98c903c1397853d4198408ea609190f420500f6be71"

[[package]]
name = "hkdf"
version = "0.13.0-rc.0"
dependencies = [
 "blobby",
 "hex-literal",
 "hmac",
 "sha1",
 "sha2",
]

[[package]]
name = "hmac"
version = "0.13.0-rc.0"
source = "git+https://github.com/RustCrypto/MACs#d1736a3f38a7c0fbbdb82e3b3ab171e526a63c57"
dependencies = [
 "digest",
]

[[package]]
name = "hybrid-array"
version = "0.4.0"
source = "registry+https://github.com/rust-lang/crates.io-index"
checksum = "6fe39a812f039072707ce38020acbab2f769087952eddd9e2b890f37654b2349"
dependencies = [
 "typenum",
]

[[package]]
name = "inout"
version = "0.2.0-rc.5"
source = "git+https://github.com/RustCrypto/utils#adfccfea2686ef191b607f653cc3587753b6ec66"
dependencies = [
 "hybrid-array",
]

[[package]]
name = "kbkdf"
version = "0.1.0-pre.0"
dependencies = [
 "aes",
 "cmac",
 "digest",
 "hex",
 "hex-literal",
 "hmac",
 "sha1",
 "sha2",
]

[[package]]
name = "libc"
version = "0.2.175"
source = "registry+https://github.com/rust-lang/crates.io-index"
checksum = "6a82ae493e598baaea5209805c49bbf2ea7de956d50d7da0da1164f9c6d28543"

[[package]]
name = "sha1"
version = "0.11.0-rc.0"
source = "registry+https://github.com/rust-lang/crates.io-index"
checksum = "6f9318facddf9ac32a33527066936837e189b3f23ced6edc1603720ead5e2b3d"
dependencies = [
 "cfg-if",
 "cpufeatures",
 "digest",
]

[[package]]
name = "sha2"
version = "0.11.0-rc.0"
source = "registry+https://github.com/rust-lang/crates.io-index"
checksum = "aa1d2e6b3cc4e43a8258a9a3b17aa5dfd2cc5186c7024bba8a64aa65b2c71a59"
dependencies = [
 "cfg-if",
 "cpufeatures",
 "digest",
]

[[package]]
name = "subtle"
version = "2.6.1"
source = "registry+https://github.com/rust-lang/crates.io-index"
checksum = "13c2bddecc57b384dee18652358fb23172facb8a2c51ccc10d74c157bdea3292"

[[package]]
name = "typenum"
version = "1.18.0"
source = "registry+https://github.com/rust-lang/crates.io-index"
checksum = "1dccffe3ce07af9386bfd29e80c0ab1a8205a2fc34e4bcd40364df902cfa8f3f"
