# This file is automatically @generated by Cargo.
# It is not intended for manual editing.
version = 4

[[package]]
name = "aes"
version = "0.9.0-rc.4"
source = "registry+https://github.com/rust-lang/crates.io-index"
checksum = "04097e08a47d9ad181c2e1f4a5fabc9ae06ce8839a333ba9a949bcb0d31fd2a3"
dependencies = [
 "cipher",
 "cpubits",
 "cpufeatures",
]

[[package]]
name = "ansi-x963-kdf"
version = "0.1.0-rc.2"
dependencies = [
 "digest",
 "hex-literal",
 "sha2",
]

[[package]]
name = "bake-kdf"
version = "0.1.0-rc.1"
dependencies = [
 "belt-hash",
 "hex-literal",
]

[[package]]
name = "belt-block"
version = "0.1.2"
source = "registry+https://github.com/rust-lang/crates.io-index"
checksum = "d9aa1eef3994e2ccd304a78fe3fea4a73e5792007f85f09b79bb82143ca5f82b"

[[package]]
name = "belt-hash"
version = "0.2.0-rc.5"
source = "registry+https://github.com/rust-lang/crates.io-index"
checksum = "c56883a45783acff1ccdf0903f38b8688363e633d3c9a199c2063f0cc946832b"
dependencies = [
 "belt-block",
 "digest",
]

[[package]]
name = "blobby"
version = "0.4.0"
source = "registry+https://github.com/rust-lang/crates.io-index"
checksum = "89af0b093cc13baa4e51e64e65ec2422f7e73aea0e612e5ad3872986671622f1"

[[package]]
name = "block-buffer"
version = "0.11.0"
source = "registry+https://github.com/rust-lang/crates.io-index"
checksum = "96eb4cdd6cf1b31d671e9efe75c5d1ec614776856cefbe109ca373554a6d514f"
dependencies = [
 "hybrid-array",
]

[[package]]
name = "cfg-if"
version = "1.0.4"
source = "registry+https://github.com/rust-lang/crates.io-index"
checksum = "9330f8b2ff13f34540b44e946ef35111825727b38d33286ef986142615121801"

[[package]]
name = "cipher"
version = "0.5.0-rc.8"
source = "registry+https://github.com/rust-lang/crates.io-index"
checksum = "9002c8edb9b1e21938663da3489c9c4403bba2393997fb2ecbd401386c0e71dc"
dependencies = [
 "crypto-common",
 "inout",
]

[[package]]
name = "cmac"
version = "0.8.0-rc.4"
source = "registry+https://github.com/rust-lang/crates.io-index"
checksum = "cdc38bbb1aee462c696ea55990b6e2a2ea5c5f02ebd667bb676ce54eff6e9d33"
dependencies = [
 "cipher",
 "dbl",
 "digest",
]

[[package]]
name = "cpubits"
version = "0.1.0-rc.3"
source = "registry+https://github.com/rust-lang/crates.io-index"
checksum = "11a8c0210fa48ba3ea04ac1e9c6e72ae66009db3b1f1745635d4ff2e58eaadd0"

[[package]]
name = "cpufeatures"
version = "0.2.17"
source = "registry+https://github.com/rust-lang/crates.io-index"
checksum = "59ed5838eebb26a2bb2e58f6d5b5316989ae9d08bab10e0e6d103e656d1b0280"
dependencies = [
 "libc",
]

[[package]]
name = "crypto-common"
version = "0.2.0-rc.15"
source = "registry+https://github.com/rust-lang/crates.io-index"
checksum = "6f8441110cea75afde0b89a8d796e2bc67b23432f5a9566cb15d9d365d91a2b0"
dependencies = [
 "hybrid-array",
]

[[package]]
name = "dbl"
version = "0.5.0"
source = "registry+https://github.com/rust-lang/crates.io-index"
checksum = "f0d7a944e61df464668c5f51f56cc667396a8821434273112948ea0b66e405d7"
dependencies = [
 "hybrid-array",
]

[[package]]
name = "digest"
version = "0.11.0-rc.11"
source = "registry+https://github.com/rust-lang/crates.io-index"
checksum = "02b42f1d9edf5207c137646b568a0168ca0ec25b7f9eaf7f9961da51a3d91cea"
dependencies = [
 "block-buffer",
 "crypto-common",
 "subtle",
]

[[package]]
name = "hex"
version = "0.4.3"
source = "registry+https://github.com/rust-lang/crates.io-index"
checksum = "7f24254aa9a54b5c858eaee2f5bccdb46aaf0e486a595ed5fd8f86ba55232a70"

[[package]]
name = "hex-literal"
version = "1.1.0"
source = "registry+https://github.com/rust-lang/crates.io-index"
checksum = "e712f64ec3850b98572bffac52e2c6f282b29fe6c5fa6d42334b30be438d95c1"

[[package]]
name = "hkdf"
version = "0.13.0-rc.5"
dependencies = [
 "blobby",
 "hex-literal",
 "hmac",
 "kdf",
 "sha1",
 "sha2",
]

[[package]]
name = "hmac"
version = "0.13.0-rc.5"
source = "registry+https://github.com/rust-lang/crates.io-index"
checksum = "ef451d73f36d8a3f93ad32c332ea01146c9650e1ec821a9b0e46c01277d544f8"
dependencies = [
 "digest",
]

[[package]]
name = "hybrid-array"
version = "0.4.6"
source = "registry+https://github.com/rust-lang/crates.io-index"
checksum = "b41fb3dc24fe72c2e3a4685eed55917c2fb228851257f4a8f2d985da9443c3e5"
dependencies = [
 "typenum",
]

[[package]]
name = "inout"
version = "0.2.2"
source = "registry+https://github.com/rust-lang/crates.io-index"
checksum = "4250ce6452e92010fdf7268ccc5d14faa80bb12fc741938534c58f16804e03c7"
dependencies = [
 "hybrid-array",
]

[[package]]
name = "kbkdf"
version = "0.1.0-rc.1"
dependencies = [
 "aes",
 "cmac",
 "digest",
 "hex",
 "hex-literal",
 "hmac",
 "sha1",
 "sha2",
]

[[package]]
name = "kdf"
version = "0.1.0"
source = "registry+https://github.com/rust-lang/crates.io-index"
checksum = "fb9652713a34bd7a2f539adcab233163943bed9c685970db62eb3cb264d625a1"

[[package]]
name = "libc"
version = "0.2.180"
source = "registry+https://github.com/rust-lang/crates.io-index"
checksum = "bcc35a38544a891a5f7c865aca548a982ccb3b8650a5b06d0fd33a10283c56fc"

[[package]]
name = "one-step-kdf"
version = "0.1.0-rc.1"
dependencies = [
 "digest",
 "hex-literal",
 "sha2",
]

[[package]]
name = "sha1"
version = "0.11.0-rc.5"
source = "registry+https://github.com/rust-lang/crates.io-index"
checksum = "3b167252f3c126be0d8926639c4c4706950f01445900c4b3db0fd7e89fcb750a"
dependencies = [
 "cfg-if",
 "cpufeatures",
 "digest",
]

[[package]]
name = "sha2"
version = "0.11.0-rc.5"
source = "registry+https://github.com/rust-lang/crates.io-index"
checksum = "7c5f3b1e2dc8aad28310d8410bd4d7e180eca65fca176c52ab00d364475d0024"
dependencies = [
 "cfg-if",
 "cpufeatures",
 "digest",
]

[[package]]
name = "subtle"
version = "2.6.1"
source = "registry+https://github.com/rust-lang/crates.io-index"
checksum = "13c2bddecc57b384dee18652358fb23172facb8a2c51ccc10d74c157bdea3292"

[[package]]
name = "typenum"
version = "1.19.0"
source = "registry+https://github.com/rust-lang/crates.io-index"
checksum = "562d481066bde0658276a35467c4af00bdc6ee726305698a55b86e61d7ad82bb"
